// !$*UTF8*$!
{
	archiveVersion = 1;
	classes = {
	};
	objectVersion = 46;
	objects = {

/* Begin PBXBuildFile section */
		17255BA31BA558410081C4EE /* SVIndefiniteAnimatedView.m in Sources */ = {isa = PBXBuildFile; fileRef = 17255B9C1BA558410081C4EE /* SVIndefiniteAnimatedView.m */; };
		17255BA41BA558410081C4EE /* SVProgressHUD.bundle in Resources */ = {isa = PBXBuildFile; fileRef = 17255B9E1BA558410081C4EE /* SVProgressHUD.bundle */; };
		17255BA51BA558410081C4EE /* SVProgressHUD.m in Sources */ = {isa = PBXBuildFile; fileRef = 17255BA01BA558410081C4EE /* SVProgressHUD.m */; };
		17255BA61BA558410081C4EE /* SVRadialGradientLayer.m in Sources */ = {isa = PBXBuildFile; fileRef = 17255BA21BA558410081C4EE /* SVRadialGradientLayer.m */; };
		174837121B9C31CB00EEC54D /* MTTopViewController.m in Sources */ = {isa = PBXBuildFile; fileRef = 174837101B9C31CB00EEC54D /* MTTopViewController.m */; };
		174837131B9C31CB00EEC54D /* MTTopViewController.xib in Resources */ = {isa = PBXBuildFile; fileRef = 174837111B9C31CB00EEC54D /* MTTopViewController.xib */; };
		174837171B9C322D00EEC54D /* MTTableViewController.m in Sources */ = {isa = PBXBuildFile; fileRef = 174837151B9C322D00EEC54D /* MTTableViewController.m */; };
		174837181B9C322D00EEC54D /* MTTableViewController.xib in Resources */ = {isa = PBXBuildFile; fileRef = 174837161B9C322D00EEC54D /* MTTableViewController.xib */; };
		1748371D1B9C32F100EEC54D /* MTTableViewCell.m in Sources */ = {isa = PBXBuildFile; fileRef = 1748371B1B9C32F100EEC54D /* MTTableViewCell.m */; };
		1748371E1B9C32F100EEC54D /* MTTableViewCell.xib in Resources */ = {isa = PBXBuildFile; fileRef = 1748371C1B9C32F100EEC54D /* MTTableViewCell.xib */; };
		174837221B9C3B5A00EEC54D /* BattleViewController.m in Sources */ = {isa = PBXBuildFile; fileRef = 174837201B9C3B5A00EEC54D /* BattleViewController.m */; };
		174837231B9C3B5A00EEC54D /* BattleViewController.xib in Resources */ = {isa = PBXBuildFile; fileRef = 174837211B9C3B5A00EEC54D /* BattleViewController.xib */; };
		17619F6D1B9AA18500E16915 /* MTApiManager.m in Sources */ = {isa = PBXBuildFile; fileRef = 17619F6C1B9AA18500E16915 /* MTApiManager.m */; };
		176BF7951B9A912900F0FAC6 /* main.m in Sources */ = {isa = PBXBuildFile; fileRef = 176BF7941B9A912900F0FAC6 /* main.m */; };
		176BF7981B9A912900F0FAC6 /* AppDelegate.m in Sources */ = {isa = PBXBuildFile; fileRef = 176BF7971B9A912900F0FAC6 /* AppDelegate.m */; };
		176BF79B1B9A912900F0FAC6 /* Magic.xcdatamodeld in Sources */ = {isa = PBXBuildFile; fileRef = 176BF7991B9A912900F0FAC6 /* Magic.xcdatamodeld */; };
		176BF7A31B9A912900F0FAC6 /* Images.xcassets in Resources */ = {isa = PBXBuildFile; fileRef = 176BF7A21B9A912900F0FAC6 /* Images.xcassets */; };
		176BF7A61B9A912900F0FAC6 /* LaunchScreen.xib in Resources */ = {isa = PBXBuildFile; fileRef = 176BF7A41B9A912900F0FAC6 /* LaunchScreen.xib */; };
		176BF7B21B9A912900F0FAC6 /* MagicTests.m in Sources */ = {isa = PBXBuildFile; fileRef = 176BF7B11B9A912900F0FAC6 /* MagicTests.m */; };
		176BF7CD1B9A991D00F0FAC6 /* MTCustomUIButton.m in Sources */ = {isa = PBXBuildFile; fileRef = 176BF7CC1B9A991D00F0FAC6 /* MTCustomUIButton.m */; };
		176BF7D91B9A9A8200F0FAC6 /* MTUser.m in Sources */ = {isa = PBXBuildFile; fileRef = 176BF7D81B9A9A8200F0FAC6 /* MTUser.m */; };
		176BF7DE1B9A9B9400F0FAC6 /* MTUserDataSource.m in Sources */ = {isa = PBXBuildFile; fileRef = 176BF7DD1B9A9B9400F0FAC6 /* MTUserDataSource.m */; };
		17B482691BA5D83B00904A81 /* appicon-60@2x.png in Resources */ = {isa = PBXBuildFile; fileRef = 17B482581BA5D83B00904A81 /* appicon-60@2x.png */; };
		17B4826A1BA5D83B00904A81 /* appicon-60@3x.png in Resources */ = {isa = PBXBuildFile; fileRef = 17B482591BA5D83B00904A81 /* appicon-60@3x.png */; };
		17B4826B1BA5D83B00904A81 /* appicon-72.png in Resources */ = {isa = PBXBuildFile; fileRef = 17B4825A1BA5D83B00904A81 /* appicon-72.png */; };
		17B4826C1BA5D83B00904A81 /* appicon-72@2x.png in Resources */ = {isa = PBXBuildFile; fileRef = 17B4825B1BA5D83B00904A81 /* appicon-72@2x.png */; };
		17B4826D1BA5D83B00904A81 /* appicon-76.png in Resources */ = {isa = PBXBuildFile; fileRef = 17B4825C1BA5D83B00904A81 /* appicon-76.png */; };
		17B4826E1BA5D83B00904A81 /* appicon-76@2x.png in Resources */ = {isa = PBXBuildFile; fileRef = 17B4825D1BA5D83B00904A81 /* appicon-76@2x.png */; };
		17B4826F1BA5D83B00904A81 /* appicon-Small-40.png in Resources */ = {isa = PBXBuildFile; fileRef = 17B4825E1BA5D83B00904A81 /* appicon-Small-40.png */; };
		17B482701BA5D83B00904A81 /* appicon-Small-40@2x.png in Resources */ = {isa = PBXBuildFile; fileRef = 17B4825F1BA5D83B00904A81 /* appicon-Small-40@2x.png */; };
		17B482711BA5D83B00904A81 /* appicon-Small-50.png in Resources */ = {isa = PBXBuildFile; fileRef = 17B482601BA5D83B00904A81 /* appicon-Small-50.png */; };
		17B482721BA5D83B00904A81 /* appicon-Small-50@2x.png in Resources */ = {isa = PBXBuildFile; fileRef = 17B482611BA5D83B00904A81 /* appicon-Small-50@2x.png */; };
		17B482731BA5D83B00904A81 /* appicon-Small.png in Resources */ = {isa = PBXBuildFile; fileRef = 17B482621BA5D83B00904A81 /* appicon-Small.png */; };
		17B482741BA5D83B00904A81 /* appicon-Small@2x.png in Resources */ = {isa = PBXBuildFile; fileRef = 17B482631BA5D83B00904A81 /* appicon-Small@2x.png */; };
		17B482751BA5D83B00904A81 /* appicon-Small@3x.png in Resources */ = {isa = PBXBuildFile; fileRef = 17B482641BA5D83B00904A81 /* appicon-Small@3x.png */; };
		17B482761BA5D83B00904A81 /* appicon.png in Resources */ = {isa = PBXBuildFile; fileRef = 17B482651BA5D83B00904A81 /* appicon.png */; };
		17B482771BA5D83B00904A81 /* appicon@2x.png in Resources */ = {isa = PBXBuildFile; fileRef = 17B482661BA5D83B00904A81 /* appicon@2x.png */; };
		17B482781BA5D83B00904A81 /* iTunesArtwork in Resources */ = {isa = PBXBuildFile; fileRef = 17B482671BA5D83B00904A81 /* iTunesArtwork */; };
		17B482791BA5D83B00904A81 /* iTunesArtwork@2x in Resources */ = {isa = PBXBuildFile; fileRef = 17B482681BA5D83B00904A81 /* iTunesArtwork@2x */; };
		17B4827B1BA5DB8D00904A81 /* mtg_logo.jpeg in Resources */ = {isa = PBXBuildFile; fileRef = 17B4827A1BA5DB8D00904A81 /* mtg_logo.jpeg */; };
/* End PBXBuildFile section */

/* Begin PBXContainerItemProxy section */
		176BF7AC1B9A912900F0FAC6 /* PBXContainerItemProxy */ = {
			isa = PBXContainerItemProxy;
			containerPortal = 176BF7871B9A912900F0FAC6 /* Project object */;
			proxyType = 1;
			remoteGlobalIDString = 176BF78E1B9A912900F0FAC6;
			remoteInfo = Magic;
		};
/* End PBXContainerItemProxy section */

/* Begin PBXFileReference section */
		17255B9B1BA558410081C4EE /* SVIndefiniteAnimatedView.h */ = {isa = PBXFileReference; fileEncoding = 4; lastKnownFileType = sourcecode.c.h; path = SVIndefiniteAnimatedView.h; sourceTree = "<group>"; };
		17255B9C1BA558410081C4EE /* SVIndefiniteAnimatedView.m */ = {isa = PBXFileReference; fileEncoding = 4; lastKnownFileType = sourcecode.c.objc; path = SVIndefiniteAnimatedView.m; sourceTree = "<group>"; };
		17255B9D1BA558410081C4EE /* SVProgressHUD-Prefix.pch */ = {isa = PBXFileReference; fileEncoding = 4; lastKnownFileType = sourcecode.c.h; path = "SVProgressHUD-Prefix.pch"; sourceTree = "<group>"; };
		17255B9E1BA558410081C4EE /* SVProgressHUD.bundle */ = {isa = PBXFileReference; lastKnownFileType = "wrapper.plug-in"; path = SVProgressHUD.bundle; sourceTree = "<group>"; };
		17255B9F1BA558410081C4EE /* SVProgressHUD.h */ = {isa = PBXFileReference; fileEncoding = 4; lastKnownFileType = sourcecode.c.h; path = SVProgressHUD.h; sourceTree = "<group>"; };
		17255BA01BA558410081C4EE /* SVProgressHUD.m */ = {isa = PBXFileReference; fileEncoding = 4; lastKnownFileType = sourcecode.c.objc; path = SVProgressHUD.m; sourceTree = "<group>"; };
		17255BA11BA558410081C4EE /* SVRadialGradientLayer.h */ = {isa = PBXFileReference; fileEncoding = 4; lastKnownFileType = sourcecode.c.h; path = SVRadialGradientLayer.h; sourceTree = "<group>"; };
		17255BA21BA558410081C4EE /* SVRadialGradientLayer.m */ = {isa = PBXFileReference; fileEncoding = 4; lastKnownFileType = sourcecode.c.objc; path = SVRadialGradientLayer.m; sourceTree = "<group>"; };
		1748370F1B9C31CB00EEC54D /* MTTopViewController.h */ = {isa = PBXFileReference; fileEncoding = 4; lastKnownFileType = sourcecode.c.h; path = MTTopViewController.h; sourceTree = "<group>"; };
		174837101B9C31CB00EEC54D /* MTTopViewController.m */ = {isa = PBXFileReference; fileEncoding = 4; lastKnownFileType = sourcecode.c.objc; path = MTTopViewController.m; sourceTree = "<group>"; };
		174837111B9C31CB00EEC54D /* MTTopViewController.xib */ = {isa = PBXFileReference; fileEncoding = 4; lastKnownFileType = file.xib; path = MTTopViewController.xib; sourceTree = "<group>"; };
		174837141B9C322D00EEC54D /* MTTableViewController.h */ = {isa = PBXFileReference; fileEncoding = 4; lastKnownFileType = sourcecode.c.h; path = MTTableViewController.h; sourceTree = "<group>"; };
		174837151B9C322D00EEC54D /* MTTableViewController.m */ = {isa = PBXFileReference; fileEncoding = 4; lastKnownFileType = sourcecode.c.objc; path = MTTableViewController.m; sourceTree = "<group>"; };
		174837161B9C322D00EEC54D /* MTTableViewController.xib */ = {isa = PBXFileReference; fileEncoding = 4; lastKnownFileType = file.xib; path = MTTableViewController.xib; sourceTree = "<group>"; };
		1748371A1B9C32F100EEC54D /* MTTableViewCell.h */ = {isa = PBXFileReference; fileEncoding = 4; lastKnownFileType = sourcecode.c.h; path = MTTableViewCell.h; sourceTree = "<group>"; };
		1748371B1B9C32F100EEC54D /* MTTableViewCell.m */ = {isa = PBXFileReference; fileEncoding = 4; lastKnownFileType = sourcecode.c.objc; path = MTTableViewCell.m; sourceTree = "<group>"; };
		1748371C1B9C32F100EEC54D /* MTTableViewCell.xib */ = {isa = PBXFileReference; fileEncoding = 4; lastKnownFileType = file.xib; path = MTTableViewCell.xib; sourceTree = "<group>"; };
		1748371F1B9C3B5A00EEC54D /* BattleViewController.h */ = {isa = PBXFileReference; fileEncoding = 4; lastKnownFileType = sourcecode.c.h; path = BattleViewController.h; sourceTree = "<group>"; };
		174837201B9C3B5A00EEC54D /* BattleViewController.m */ = {isa = PBXFileReference; fileEncoding = 4; lastKnownFileType = sourcecode.c.objc; path = BattleViewController.m; sourceTree = "<group>"; };
		174837211B9C3B5A00EEC54D /* BattleViewController.xib */ = {isa = PBXFileReference; fileEncoding = 4; lastKnownFileType = file.xib; path = BattleViewController.xib; sourceTree = "<group>"; };
		17619F6B1B9AA18500E16915 /* MTApiManager.h */ = {isa = PBXFileReference; fileEncoding = 4; lastKnownFileType = sourcecode.c.h; path = MTApiManager.h; sourceTree = "<group>"; };
		17619F6C1B9AA18500E16915 /* MTApiManager.m */ = {isa = PBXFileReference; fileEncoding = 4; lastKnownFileType = sourcecode.c.objc; path = MTApiManager.m; sourceTree = "<group>"; };
		176BF78F1B9A912900F0FAC6 /* Magic.app */ = {isa = PBXFileReference; explicitFileType = wrapper.application; includeInIndex = 0; path = Magic.app; sourceTree = BUILT_PRODUCTS_DIR; };
		176BF7931B9A912900F0FAC6 /* Info.plist */ = {isa = PBXFileReference; lastKnownFileType = text.plist.xml; path = Info.plist; sourceTree = "<group>"; };
		176BF7941B9A912900F0FAC6 /* main.m */ = {isa = PBXFileReference; lastKnownFileType = sourcecode.c.objc; path = main.m; sourceTree = "<group>"; };
		176BF7961B9A912900F0FAC6 /* AppDelegate.h */ = {isa = PBXFileReference; lastKnownFileType = sourcecode.c.h; path = AppDelegate.h; sourceTree = "<group>"; };
		176BF7971B9A912900F0FAC6 /* AppDelegate.m */ = {isa = PBXFileReference; lastKnownFileType = sourcecode.c.objc; path = AppDelegate.m; sourceTree = "<group>"; };
		176BF79A1B9A912900F0FAC6 /* Magic.xcdatamodel */ = {isa = PBXFileReference; lastKnownFileType = wrapper.xcdatamodel; path = Magic.xcdatamodel; sourceTree = "<group>"; };
		176BF7A21B9A912900F0FAC6 /* Images.xcassets */ = {isa = PBXFileReference; lastKnownFileType = folder.assetcatalog; path = Images.xcassets; sourceTree = "<group>"; };
		176BF7A51B9A912900F0FAC6 /* Base */ = {isa = PBXFileReference; lastKnownFileType = file.xib; name = Base; path = Base.lproj/LaunchScreen.xib; sourceTree = "<group>"; };
		176BF7AB1B9A912900F0FAC6 /* MagicTests.xctest */ = {isa = PBXFileReference; explicitFileType = wrapper.cfbundle; includeInIndex = 0; path = MagicTests.xctest; sourceTree = BUILT_PRODUCTS_DIR; };
		176BF7B01B9A912900F0FAC6 /* Info.plist */ = {isa = PBXFileReference; lastKnownFileType = text.plist.xml; path = Info.plist; sourceTree = "<group>"; };
		176BF7B11B9A912900F0FAC6 /* MagicTests.m */ = {isa = PBXFileReference; lastKnownFileType = sourcecode.c.objc; path = MagicTests.m; sourceTree = "<group>"; };
		176BF7C41B9A921800F0FAC6 /* MTPrefixHeader.pch */ = {isa = PBXFileReference; lastKnownFileType = sourcecode.c.h; path = MTPrefixHeader.pch; sourceTree = "<group>"; };
		176BF7CB1B9A991D00F0FAC6 /* MTCustomUIButton.h */ = {isa = PBXFileReference; fileEncoding = 4; lastKnownFileType = sourcecode.c.h; path = MTCustomUIButton.h; sourceTree = "<group>"; };
		176BF7CC1B9A991D00F0FAC6 /* MTCustomUIButton.m */ = {isa = PBXFileReference; fileEncoding = 4; lastKnownFileType = sourcecode.c.objc; path = MTCustomUIButton.m; sourceTree = "<group>"; };
		176BF7D71B9A9A8200F0FAC6 /* MTUser.h */ = {isa = PBXFileReference; fileEncoding = 4; lastKnownFileType = sourcecode.c.h; path = MTUser.h; sourceTree = "<group>"; };
		176BF7D81B9A9A8200F0FAC6 /* MTUser.m */ = {isa = PBXFileReference; fileEncoding = 4; lastKnownFileType = sourcecode.c.objc; path = MTUser.m; sourceTree = "<group>"; };
		176BF7DC1B9A9B9400F0FAC6 /* MTUserDataSource.h */ = {isa = PBXFileReference; fileEncoding = 4; lastKnownFileType = sourcecode.c.h; path = MTUserDataSource.h; sourceTree = "<group>"; };
		176BF7DD1B9A9B9400F0FAC6 /* MTUserDataSource.m */ = {isa = PBXFileReference; fileEncoding = 4; lastKnownFileType = sourcecode.c.objc; path = MTUserDataSource.m; sourceTree = "<group>"; };
		17B482581BA5D83B00904A81 /* appicon-60@2x.png */ = {isa = PBXFileReference; lastKnownFileType = image.png; path = "appicon-60@2x.png"; sourceTree = "<group>"; };
		17B482591BA5D83B00904A81 /* appicon-60@3x.png */ = {isa = PBXFileReference; lastKnownFileType = image.png; path = "appicon-60@3x.png"; sourceTree = "<group>"; };
		17B4825A1BA5D83B00904A81 /* appicon-72.png */ = {isa = PBXFileReference; lastKnownFileType = image.png; path = "appicon-72.png"; sourceTree = "<group>"; };
		17B4825B1BA5D83B00904A81 /* appicon-72@2x.png */ = {isa = PBXFileReference; lastKnownFileType = image.png; path = "appicon-72@2x.png"; sourceTree = "<group>"; };
		17B4825C1BA5D83B00904A81 /* appicon-76.png */ = {isa = PBXFileReference; lastKnownFileType = image.png; path = "appicon-76.png"; sourceTree = "<group>"; };
		17B4825D1BA5D83B00904A81 /* appicon-76@2x.png */ = {isa = PBXFileReference; lastKnownFileType = image.png; path = "appicon-76@2x.png"; sourceTree = "<group>"; };
		17B4825E1BA5D83B00904A81 /* appicon-Small-40.png */ = {isa = PBXFileReference; lastKnownFileType = image.png; path = "appicon-Small-40.png"; sourceTree = "<group>"; };
		17B4825F1BA5D83B00904A81 /* appicon-Small-40@2x.png */ = {isa = PBXFileReference; lastKnownFileType = image.png; path = "appicon-Small-40@2x.png"; sourceTree = "<group>"; };
		17B482601BA5D83B00904A81 /* appicon-Small-50.png */ = {isa = PBXFileReference; lastKnownFileType = image.png; path = "appicon-Small-50.png"; sourceTree = "<group>"; };
		17B482611BA5D83B00904A81 /* appicon-Small-50@2x.png */ = {isa = PBXFileReference; lastKnownFileType = image.png; path = "appicon-Small-50@2x.png"; sourceTree = "<group>"; };
		17B482621BA5D83B00904A81 /* appicon-Small.png */ = {isa = PBXFileReference; lastKnownFileType = image.png; path = "appicon-Small.png"; sourceTree = "<group>"; };
		17B482631BA5D83B00904A81 /* appicon-Small@2x.png */ = {isa = PBXFileReference; lastKnownFileType = image.png; path = "appicon-Small@2x.png"; sourceTree = "<group>"; };
		17B482641BA5D83B00904A81 /* appicon-Small@3x.png */ = {isa = PBXFileReference; lastKnownFileType = image.png; path = "appicon-Small@3x.png"; sourceTree = "<group>"; };
		17B482651BA5D83B00904A81 /* appicon.png */ = {isa = PBXFileReference; lastKnownFileType = image.png; path = appicon.png; sourceTree = "<group>"; };
		17B482661BA5D83B00904A81 /* appicon@2x.png */ = {isa = PBXFileReference; lastKnownFileType = image.png; path = "appicon@2x.png"; sourceTree = "<group>"; };
		17B482671BA5D83B00904A81 /* iTunesArtwork */ = {isa = PBXFileReference; lastKnownFileType = file; path = iTunesArtwork; sourceTree = "<group>"; };
		17B482681BA5D83B00904A81 /* iTunesArtwork@2x */ = {isa = PBXFileReference; lastKnownFileType = file; path = "iTunesArtwork@2x"; sourceTree = "<group>"; };
		17B4827A1BA5DB8D00904A81 /* mtg_logo.jpeg */ = {isa = PBXFileReference; lastKnownFileType = image.jpeg; path = mtg_logo.jpeg; sourceTree = "<group>"; };
/* End PBXFileReference section */

/* Begin PBXFrameworksBuildPhase section */
		176BF78C1B9A912900F0FAC6 /* Frameworks */ = {
			isa = PBXFrameworksBuildPhase;
			buildActionMask = 2147483647;
			files = (
			);
			runOnlyForDeploymentPostprocessing = 0;
		};
		176BF7A81B9A912900F0FAC6 /* Frameworks */ = {
			isa = PBXFrameworksBuildPhase;
			buildActionMask = 2147483647;
			files = (
			);
			runOnlyForDeploymentPostprocessing = 0;
		};
/* End PBXFrameworksBuildPhase section */

/* Begin PBXGroup section */
		17255B9A1BA558410081C4EE /* SVProgressHUD */ = {
			isa = PBXGroup;
			children = (
				17255B9B1BA558410081C4EE /* SVIndefiniteAnimatedView.h */,
				17255B9C1BA558410081C4EE /* SVIndefiniteAnimatedView.m */,
				17255B9D1BA558410081C4EE /* SVProgressHUD-Prefix.pch */,
				17255B9E1BA558410081C4EE /* SVProgressHUD.bundle */,
				17255B9F1BA558410081C4EE /* SVProgressHUD.h */,
				17255BA01BA558410081C4EE /* SVProgressHUD.m */,
				17255BA11BA558410081C4EE /* SVRadialGradientLayer.h */,
				17255BA21BA558410081C4EE /* SVRadialGradientLayer.m */,
			);
			path = SVProgressHUD;
			sourceTree = "<group>";
		};
		174837191B9C326600EEC54D /* xib */ = {
			isa = PBXGroup;
			children = (
				174837211B9C3B5A00EEC54D /* BattleViewController.xib */,
				174837111B9C31CB00EEC54D /* MTTopViewController.xib */,
				1748371C1B9C32F100EEC54D /* MTTableViewCell.xib */,
				174837161B9C322D00EEC54D /* MTTableViewController.xib */,
			);
			name = xib;
			sourceTree = "<group>";
		};
		17619F6A1B9AA16700E16915 /* Connection */ = {
			isa = PBXGroup;
			children = (
				17619F6B1B9AA18500E16915 /* MTApiManager.h */,
				17619F6C1B9AA18500E16915 /* MTApiManager.m */,
			);
			name = Connection;
			sourceTree = "<group>";
		};
		176BF7861B9A912900F0FAC6 = {
			isa = PBXGroup;
			children = (
				176BF7911B9A912900F0FAC6 /* Magic */,
				176BF7AE1B9A912900F0FAC6 /* MagicTests */,
				176BF7901B9A912900F0FAC6 /* Products */,
			);
			sourceTree = "<group>";
		};
		176BF7901B9A912900F0FAC6 /* Products */ = {
			isa = PBXGroup;
			children = (
				176BF78F1B9A912900F0FAC6 /* Magic.app */,
				176BF7AB1B9A912900F0FAC6 /* MagicTests.xctest */,
			);
			name = Products;
			sourceTree = "<group>";
		};
		176BF7911B9A912900F0FAC6 /* Magic */ = {
			isa = PBXGroup;
			children = (
				176BF7BB1B9A915B00F0FAC6 /* AppDelegate */,
				176BF7BC1B9A916C00F0FAC6 /* Classes */,
				176BF7BD1B9A917600F0FAC6 /* Resouces */,
				176BF7A21B9A912900F0FAC6 /* Images.xcassets */,
				176BF7A41B9A912900F0FAC6 /* LaunchScreen.xib */,
				176BF7991B9A912900F0FAC6 /* Magic.xcdatamodeld */,
				176BF7921B9A912900F0FAC6 /* Supporting Files */,
			);
			path = Magic;
			sourceTree = "<group>";
		};
		176BF7921B9A912900F0FAC6 /* Supporting Files */ = {
			isa = PBXGroup;
			children = (
				176BF7931B9A912900F0FAC6 /* Info.plist */,
				176BF7941B9A912900F0FAC6 /* main.m */,
			);
			name = "Supporting Files";
			sourceTree = "<group>";
		};
		176BF7AE1B9A912900F0FAC6 /* MagicTests */ = {
			isa = PBXGroup;
			children = (
				176BF7B11B9A912900F0FAC6 /* MagicTests.m */,
				176BF7AF1B9A912900F0FAC6 /* Supporting Files */,
			);
			path = MagicTests;
			sourceTree = "<group>";
		};
		176BF7AF1B9A912900F0FAC6 /* Supporting Files */ = {
			isa = PBXGroup;
			children = (
				176BF7B01B9A912900F0FAC6 /* Info.plist */,
			);
			name = "Supporting Files";
			sourceTree = "<group>";
		};
		176BF7BB1B9A915B00F0FAC6 /* AppDelegate */ = {
			isa = PBXGroup;
			children = (
				176BF7961B9A912900F0FAC6 /* AppDelegate.h */,
				176BF7971B9A912900F0FAC6 /* AppDelegate.m */,
			);
			name = AppDelegate;
			sourceTree = "<group>";
		};
		176BF7BC1B9A916C00F0FAC6 /* Classes */ = {
			isa = PBXGroup;
			children = (
				176BF7BE1B9A918B00F0FAC6 /* Models */,
				176BF7BF1B9A919100F0FAC6 /* Views */,
				176BF7C01B9A919700F0FAC6 /* Controllers */,
			);
			name = Classes;
			sourceTree = "<group>";
		};
		176BF7BD1B9A917600F0FAC6 /* Resouces */ = {
			isa = PBXGroup;
			children = (
				176BF7C31B9A91D200F0FAC6 /* Images */,
				176BF7C21B9A91C400F0FAC6 /* Sounds */,
				176BF7C11B9A91BD00F0FAC6 /* lib */,
			);
			name = Resouces;
			sourceTree = "<group>";
		};
		176BF7BE1B9A918B00F0FAC6 /* Models */ = {
			isa = PBXGroup;
			children = (
				17619F6A1B9AA16700E16915 /* Connection */,
				176BF7DA1B9A9A8900F0FAC6 /* User */,
				176BF7DB1B9A9AAE00F0FAC6 /* Datasouce */,
			);
			name = Models;
			sourceTree = "<group>";
		};
		176BF7BF1B9A919100F0FAC6 /* Views */ = {
			isa = PBXGroup;
			children = (
				174837191B9C326600EEC54D /* xib */,
				1748371A1B9C32F100EEC54D /* MTTableViewCell.h */,
				1748371B1B9C32F100EEC54D /* MTTableViewCell.m */,
				176BF7CB1B9A991D00F0FAC6 /* MTCustomUIButton.h */,
				176BF7CC1B9A991D00F0FAC6 /* MTCustomUIButton.m */,
			);
			name = Views;
			sourceTree = "<group>";
		};
		176BF7C01B9A919700F0FAC6 /* Controllers */ = {
			isa = PBXGroup;
			children = (
				1748370F1B9C31CB00EEC54D /* MTTopViewController.h */,
				174837101B9C31CB00EEC54D /* MTTopViewController.m */,
				174837141B9C322D00EEC54D /* MTTableViewController.h */,
				174837151B9C322D00EEC54D /* MTTableViewController.m */,
				1748371F1B9C3B5A00EEC54D /* BattleViewController.h */,
				174837201B9C3B5A00EEC54D /* BattleViewController.m */,
			);
			name = Controllers;
			sourceTree = "<group>";
		};
		176BF7C11B9A91BD00F0FAC6 /* lib */ = {
			isa = PBXGroup;
			children = (
				17255B9A1BA558410081C4EE /* SVProgressHUD */,
				176BF7C41B9A921800F0FAC6 /* MTPrefixHeader.pch */,
			);
			name = lib;
			sourceTree = "<group>";
		};
		176BF7C21B9A91C400F0FAC6 /* Sounds */ = {
			isa = PBXGroup;
			children = (
			);
			name = Sounds;
			sourceTree = "<group>";
		};
		176BF7C31B9A91D200F0FAC6 /* Images */ = {
			isa = PBXGroup;
			children = (
				17B4827A1BA5DB8D00904A81 /* mtg_logo.jpeg */,
				17B482571BA5D83B00904A81 /* ios */,
			);
			name = Images;
			sourceTree = "<group>";
		};
		176BF7DA1B9A9A8900F0FAC6 /* User */ = {
			isa = PBXGroup;
			children = (
				176BF7D71B9A9A8200F0FAC6 /* MTUser.h */,
				176BF7D81B9A9A8200F0FAC6 /* MTUser.m */,
			);
			name = User;
			sourceTree = "<group>";
		};
		176BF7DB1B9A9AAE00F0FAC6 /* Datasouce */ = {
			isa = PBXGroup;
			children = (
				176BF7DC1B9A9B9400F0FAC6 /* MTUserDataSource.h */,
				176BF7DD1B9A9B9400F0FAC6 /* MTUserDataSource.m */,
			);
			name = Datasouce;
			sourceTree = "<group>";
		};
		17B482571BA5D83B00904A81 /* ios */ = {
			isa = PBXGroup;
			children = (
				17B482581BA5D83B00904A81 /* appicon-60@2x.png */,
				17B482591BA5D83B00904A81 /* appicon-60@3x.png */,
				17B4825A1BA5D83B00904A81 /* appicon-72.png */,
				17B4825B1BA5D83B00904A81 /* appicon-72@2x.png */,
				17B4825C1BA5D83B00904A81 /* appicon-76.png */,
				17B4825D1BA5D83B00904A81 /* appicon-76@2x.png */,
				17B4825E1BA5D83B00904A81 /* appicon-Small-40.png */,
				17B4825F1BA5D83B00904A81 /* appicon-Small-40@2x.png */,
				17B482601BA5D83B00904A81 /* appicon-Small-50.png */,
				17B482611BA5D83B00904A81 /* appicon-Small-50@2x.png */,
				17B482621BA5D83B00904A81 /* appicon-Small.png */,
				17B482631BA5D83B00904A81 /* appicon-Small@2x.png */,
				17B482641BA5D83B00904A81 /* appicon-Small@3x.png */,
				17B482651BA5D83B00904A81 /* appicon.png */,
				17B482661BA5D83B00904A81 /* appicon@2x.png */,
				17B482671BA5D83B00904A81 /* iTunesArtwork */,
				17B482681BA5D83B00904A81 /* iTunesArtwork@2x */,
			);
			path = ios;
			sourceTree = "<group>";
		};
/* End PBXGroup section */

/* Begin PBXNativeTarget section */
		176BF78E1B9A912900F0FAC6 /* Magic */ = {
			isa = PBXNativeTarget;
			buildConfigurationList = 176BF7B51B9A912900F0FAC6 /* Build configuration list for PBXNativeTarget "Magic" */;
			buildPhases = (
				176BF78B1B9A912900F0FAC6 /* Sources */,
				176BF78C1B9A912900F0FAC6 /* Frameworks */,
				176BF78D1B9A912900F0FAC6 /* Resources */,
			);
			buildRules = (
			);
			dependencies = (
			);
			name = Magic;
			productName = Magic;
			productReference = 176BF78F1B9A912900F0FAC6 /* Magic.app */;
			productType = "com.apple.product-type.application";
		};
		176BF7AA1B9A912900F0FAC6 /* MagicTests */ = {
			isa = PBXNativeTarget;
			buildConfigurationList = 176BF7B81B9A912900F0FAC6 /* Build configuration list for PBXNativeTarget "MagicTests" */;
			buildPhases = (
				176BF7A71B9A912900F0FAC6 /* Sources */,
				176BF7A81B9A912900F0FAC6 /* Frameworks */,
				176BF7A91B9A912900F0FAC6 /* Resources */,
			);
			buildRules = (
			);
			dependencies = (
				176BF7AD1B9A912900F0FAC6 /* PBXTargetDependency */,
			);
			name = MagicTests;
			productName = MagicTests;
			productReference = 176BF7AB1B9A912900F0FAC6 /* MagicTests.xctest */;
			productType = "com.apple.product-type.bundle.unit-test";
		};
/* End PBXNativeTarget section */

/* Begin PBXProject section */
		176BF7871B9A912900F0FAC6 /* Project object */ = {
			isa = PBXProject;
			attributes = {
				LastUpgradeCheck = 0640;
				ORGANIZATIONNAME = totta;
				TargetAttributes = {
					176BF78E1B9A912900F0FAC6 = {
						CreatedOnToolsVersion = 6.4;
						DevelopmentTeam = QW3F98S65Y;
					};
					176BF7AA1B9A912900F0FAC6 = {
						CreatedOnToolsVersion = 6.4;
						DevelopmentTeam = QW3F98S65Y;
						TestTargetID = 176BF78E1B9A912900F0FAC6;
					};
				};
			};
			buildConfigurationList = 176BF78A1B9A912900F0FAC6 /* Build configuration list for PBXProject "Magic" */;
			compatibilityVersion = "Xcode 3.2";
			developmentRegion = English;
			hasScannedForEncodings = 0;
			knownRegions = (
				en,
				Base,
			);
			mainGroup = 176BF7861B9A912900F0FAC6;
			productRefGroup = 176BF7901B9A912900F0FAC6 /* Products */;
			projectDirPath = "";
			projectRoot = "";
			targets = (
				176BF78E1B9A912900F0FAC6 /* Magic */,
				176BF7AA1B9A912900F0FAC6 /* MagicTests */,
			);
		};
/* End PBXProject section */

/* Begin PBXResourcesBuildPhase section */
		176BF78D1B9A912900F0FAC6 /* Resources */ = {
			isa = PBXResourcesBuildPhase;
			buildActionMask = 2147483647;
			files = (
				17255BA41BA558410081C4EE /* SVProgressHUD.bundle in Resources */,
				174837231B9C3B5A00EEC54D /* BattleViewController.xib in Resources */,
				174837181B9C322D00EEC54D /* MTTableViewController.xib in Resources */,
				17B4826E1BA5D83B00904A81 /* appicon-76@2x.png in Resources */,
				17B482691BA5D83B00904A81 /* appicon-60@2x.png in Resources */,
				17B482741BA5D83B00904A81 /* appicon-Small@2x.png in Resources */,
				1748371E1B9C32F100EEC54D /* MTTableViewCell.xib in Resources */,
				174837131B9C31CB00EEC54D /* MTTopViewController.xib in Resources */,
				17B4826C1BA5D83B00904A81 /* appicon-72@2x.png in Resources */,
				17B482771BA5D83B00904A81 /* appicon@2x.png in Resources */,
				17B482721BA5D83B00904A81 /* appicon-Small-50@2x.png in Resources */,
				17B4826A1BA5D83B00904A81 /* appicon-60@3x.png in Resources */,
				17B482791BA5D83B00904A81 /* iTunesArtwork@2x in Resources */,
				17B482711BA5D83B00904A81 /* appicon-Small-50.png in Resources */,
				17B482701BA5D83B00904A81 /* appicon-Small-40@2x.png in Resources */,
				17B482761BA5D83B00904A81 /* appicon.png in Resources */,
				176BF7A61B9A912900F0FAC6 /* LaunchScreen.xib in Resources */,
				17B4826D1BA5D83B00904A81 /* appicon-76.png in Resources */,
				176BF7A31B9A912900F0FAC6 /* Images.xcassets in Resources */,
				17B4826F1BA5D83B00904A81 /* appicon-Small-40.png in Resources */,
				17B482731BA5D83B00904A81 /* appicon-Small.png in Resources */,
				17B482781BA5D83B00904A81 /* iTunesArtwork in Resources */,
				17B482751BA5D83B00904A81 /* appicon-Small@3x.png in Resources */,
				17B4827B1BA5DB8D00904A81 /* mtg_logo.jpeg in Resources */,
				17B4826B1BA5D83B00904A81 /* appicon-72.png in Resources */,
			);
			runOnlyForDeploymentPostprocessing = 0;
		};
		176BF7A91B9A912900F0FAC6 /* Resources */ = {
			isa = PBXResourcesBuildPhase;
			buildActionMask = 2147483647;
			files = (
			);
			runOnlyForDeploymentPostprocessing = 0;
		};
/* End PBXResourcesBuildPhase section */

/* Begin PBXSourcesBuildPhase section */
		176BF78B1B9A912900F0FAC6 /* Sources */ = {
			isa = PBXSourcesBuildPhase;
			buildActionMask = 2147483647;
			files = (
				174837171B9C322D00EEC54D /* MTTableViewController.m in Sources */,
				17619F6D1B9AA18500E16915 /* MTApiManager.m in Sources */,
				176BF7DE1B9A9B9400F0FAC6 /* MTUserDataSource.m in Sources */,
				176BF79B1B9A912900F0FAC6 /* Magic.xcdatamodeld in Sources */,
				174837221B9C3B5A00EEC54D /* BattleViewController.m in Sources */,
				176BF7981B9A912900F0FAC6 /* AppDelegate.m in Sources */,
				176BF7951B9A912900F0FAC6 /* main.m in Sources */,
				17255BA61BA558410081C4EE /* SVRadialGradientLayer.m in Sources */,
				176BF7CD1B9A991D00F0FAC6 /* MTCustomUIButton.m in Sources */,
				174837121B9C31CB00EEC54D /* MTTopViewController.m in Sources */,
				17255BA51BA558410081C4EE /* SVProgressHUD.m in Sources */,
				176BF7D91B9A9A8200F0FAC6 /* MTUser.m in Sources */,
				1748371D1B9C32F100EEC54D /* MTTableViewCell.m in Sources */,
				17255BA31BA558410081C4EE /* SVIndefiniteAnimatedView.m in Sources */,
			);
			runOnlyForDeploymentPostprocessing = 0;
		};
		176BF7A71B9A912900F0FAC6 /* Sources */ = {
			isa = PBXSourcesBuildPhase;
			buildActionMask = 2147483647;
			files = (
				176BF7B21B9A912900F0FAC6 /* MagicTests.m in Sources */,
			);
			runOnlyForDeploymentPostprocessing = 0;
		};
/* End PBXSourcesBuildPhase section */

/* Begin PBXTargetDependency section */
		176BF7AD1B9A912900F0FAC6 /* PBXTargetDependency */ = {
			isa = PBXTargetDependency;
			target = 176BF78E1B9A912900F0FAC6 /* Magic */;
			targetProxy = 176BF7AC1B9A912900F0FAC6 /* PBXContainerItemProxy */;
		};
/* End PBXTargetDependency section */

/* Begin PBXVariantGroup section */
		176BF7A41B9A912900F0FAC6 /* LaunchScreen.xib */ = {
			isa = PBXVariantGroup;
			children = (
				176BF7A51B9A912900F0FAC6 /* Base */,
			);
			name = LaunchScreen.xib;
			sourceTree = "<group>";
		};
/* End PBXVariantGroup section */

/* Begin XCBuildConfiguration section */
		176BF7B31B9A912900F0FAC6 /* Debug */ = {
			isa = XCBuildConfiguration;
			buildSettings = {
				ALWAYS_SEARCH_USER_PATHS = NO;
				CLANG_CXX_LANGUAGE_STANDARD = "gnu++0x";
				CLANG_CXX_LIBRARY = "libc++";
				CLANG_ENABLE_MODULES = YES;
				CLANG_ENABLE_OBJC_ARC = YES;
				CLANG_WARN_BOOL_CONVERSION = YES;
				CLANG_WARN_CONSTANT_CONVERSION = YES;
				CLANG_WARN_DIRECT_OBJC_ISA_USAGE = YES_ERROR;
				CLANG_WARN_EMPTY_BODY = YES;
				CLANG_WARN_ENUM_CONVERSION = YES;
				CLANG_WARN_INT_CONVERSION = YES;
				CLANG_WARN_OBJC_ROOT_CLASS = YES_ERROR;
				CLANG_WARN_UNREACHABLE_CODE = YES;
				CLANG_WARN__DUPLICATE_METHOD_MATCH = YES;
				"CODE_SIGN_IDENTITY[sdk=iphoneos*]" = "iPhone Developer: KOUHEI TOTANI (D874SN2C96)";
				COPY_PHASE_STRIP = NO;
				DEBUG_INFORMATION_FORMAT = "dwarf-with-dsym";
				ENABLE_STRICT_OBJC_MSGSEND = YES;
				GCC_C_LANGUAGE_STANDARD = gnu99;
				GCC_DYNAMIC_NO_PIC = NO;
				GCC_NO_COMMON_BLOCKS = YES;
				GCC_OPTIMIZATION_LEVEL = 0;
				GCC_PREPROCESSOR_DEFINITIONS = (
					"DEBUG=1",
					"$(inherited)",
				);
				GCC_SYMBOLS_PRIVATE_EXTERN = NO;
				GCC_WARN_64_TO_32_BIT_CONVERSION = YES;
				GCC_WARN_ABOUT_RETURN_TYPE = YES_ERROR;
				GCC_WARN_UNDECLARED_SELECTOR = YES;
				GCC_WARN_UNINITIALIZED_AUTOS = YES_AGGRESSIVE;
				GCC_WARN_UNUSED_FUNCTION = YES;
				GCC_WARN_UNUSED_VARIABLE = YES;
				IPHONEOS_DEPLOYMENT_TARGET = 8.4;
				MTL_ENABLE_DEBUG_INFO = YES;
				ONLY_ACTIVE_ARCH = YES;
				PROVISIONING_PROFILE = "21f13a93-b3b1-4c5f-8803-c1125ef176ee";
				SDKROOT = iphoneos;
			};
			name = Debug;
		};
		176BF7B41B9A912900F0FAC6 /* Release */ = {
			isa = XCBuildConfiguration;
			buildSettings = {
				ALWAYS_SEARCH_USER_PATHS = NO;
				CLANG_CXX_LANGUAGE_STANDARD = "gnu++0x";
				CLANG_CXX_LIBRARY = "libc++";
				CLANG_ENABLE_MODULES = YES;
				CLANG_ENABLE_OBJC_ARC = YES;
				CLANG_WARN_BOOL_CONVERSION = YES;
				CLANG_WARN_CONSTANT_CONVERSION = YES;
				CLANG_WARN_DIRECT_OBJC_ISA_USAGE = YES_ERROR;
				CLANG_WARN_EMPTY_BODY = YES;
				CLANG_WARN_ENUM_CONVERSION = YES;
				CLANG_WARN_INT_CONVERSION = YES;
				CLANG_WARN_OBJC_ROOT_CLASS = YES_ERROR;
				CLANG_WARN_UNREACHABLE_CODE = YES;
				CLANG_WARN__DUPLICATE_METHOD_MATCH = YES;
				"CODE_SIGN_IDENTITY[sdk=iphoneos*]" = "iPhone Distribution: KOUHEI TOTANI";
				COPY_PHASE_STRIP = NO;
				DEBUG_INFORMATION_FORMAT = "dwarf-with-dsym";
				ENABLE_NS_ASSERTIONS = NO;
				ENABLE_STRICT_OBJC_MSGSEND = YES;
				GCC_C_LANGUAGE_STANDARD = gnu99;
				GCC_NO_COMMON_BLOCKS = YES;
				GCC_WARN_64_TO_32_BIT_CONVERSION = YES;
				GCC_WARN_ABOUT_RETURN_TYPE = YES_ERROR;
				GCC_WARN_UNDECLARED_SELECTOR = YES;
				GCC_WARN_UNINITIALIZED_AUTOS = YES_AGGRESSIVE;
				GCC_WARN_UNUSED_FUNCTION = YES;
				GCC_WARN_UNUSED_VARIABLE = YES;
				IPHONEOS_DEPLOYMENT_TARGET = 8.4;
				MTL_ENABLE_DEBUG_INFO = NO;
				PROVISIONING_PROFILE = "21fe0c9a-737a-468f-84b4-075be503cc06";
				SDKROOT = iphoneos;
				VALIDATE_PRODUCT = YES;
			};
			name = Release;
		};
		176BF7B61B9A912900F0FAC6 /* Debug */ = {
			isa = XCBuildConfiguration;
			buildSettings = {
				ASSETCATALOG_COMPILER_APPICON_NAME = AppIcon;
				CODE_SIGN_IDENTITY = "iPhone Developer";
				"CODE_SIGN_IDENTITY[sdk=iphoneos*]" = "iPhone Developer";
				GCC_PREFIX_HEADER = "$(SRCROOT)/${PRODUCT_NAME}/MTPrefixHeader.pch";
				INFOPLIST_FILE = Magic/Info.plist;
				LD_RUNPATH_SEARCH_PATHS = "$(inherited) @executable_path/Frameworks";
				PRODUCT_NAME = "$(TARGET_NAME)";
				PROVISIONING_PROFILE = "";
			};
			name = Debug;
		};
		176BF7B71B9A912900F0FAC6 /* Release */ = {
			isa = XCBuildConfiguration;
			buildSettings = {
				ASSETCATALOG_COMPILER_APPICON_NAME = AppIcon;
				CODE_SIGN_IDENTITY = "iPhone Developer";
				"CODE_SIGN_IDENTITY[sdk=iphoneos*]" = "iPhone Developer";
				GCC_PREFIX_HEADER = "$(SRCROOT)/${PRODUCT_NAME}/MTPrefixHeader.pch";
				INFOPLIST_FILE = Magic/Info.plist;
				LD_RUNPATH_SEARCH_PATHS = "$(inherited) @executable_path/Frameworks";
				PRODUCT_NAME = "$(TARGET_NAME)";
				PROVISIONING_PROFILE = "";
			};
			name = Release;
		};
		176BF7B91B9A912900F0FAC6 /* Debug */ = {
			isa = XCBuildConfiguration;
			buildSettings = {
				BUNDLE_LOADER = "$(TEST_HOST)";
				CODE_SIGN_IDENTITY = "iPhone Developer";
				"CODE_SIGN_IDENTITY[sdk=iphoneos*]" = "iPhone Developer";
				FRAMEWORK_SEARCH_PATHS = (
					"$(SDKROOT)/Developer/Library/Frameworks",
					"$(inherited)",
				);
				GCC_PREPROCESSOR_DEFINITIONS = (
					"DEBUG=1",
					"$(inherited)",
				);
				INFOPLIST_FILE = MagicTests/Info.plist;
				LD_RUNPATH_SEARCH_PATHS = "$(inherited) @executable_path/Frameworks @loader_path/Frameworks";
				PRODUCT_NAME = "$(TARGET_NAME)";
				PROVISIONING_PROFILE = "";
				TEST_HOST = "$(BUILT_PRODUCTS_DIR)/Magic.app/Magic";
			};
			name = Debug;
		};
		176BF7BA1B9A912900F0FAC6 /* Release */ = {
			isa = XCBuildConfiguration;
			buildSettings = {
				BUNDLE_LOADER = "$(TEST_HOST)";
				CODE_SIGN_IDENTITY = "iPhone Developer";
				"CODE_SIGN_IDENTITY[sdk=iphoneos*]" = "iPhone Developer";
				FRAMEWORK_SEARCH_PATHS = (
					"$(SDKROOT)/Developer/Library/Frameworks",
					"$(inherited)",
				);
				INFOPLIST_FILE = MagicTests/Info.plist;
				LD_RUNPATH_SEARCH_PATHS = "$(inherited) @executable_path/Frameworks @loader_path/Frameworks";
				PRODUCT_NAME = "$(TARGET_NAME)";
				PROVISIONING_PROFILE = "";
				TEST_HOST = "$(BUILT_PRODUCTS_DIR)/Magic.app/Magic";
			};
			name = Release;
		};
/* End XCBuildConfiguration section */

/* Begin XCConfigurationList section */
		176BF78A1B9A912900F0FAC6 /* Build configuration list for PBXProject "Magic" */ = {
			isa = XCConfigurationList;
			buildConfigurations = (
				176BF7B31B9A912900F0FAC6 /* Debug */,
				176BF7B41B9A912900F0FAC6 /* Release */,
			);
			defaultConfigurationIsVisible = 0;
			defaultConfigurationName = Release;
		};
		176BF7B51B9A912900F0FAC6 /* Build configuration list for PBXNativeTarget "Magic" */ = {
			isa = XCConfigurationList;
			buildConfigurations = (
				176BF7B61B9A912900F0FAC6 /* Debug */,
				176BF7B71B9A912900F0FAC6 /* Release */,
			);
			defaultConfigurationIsVisible = 0;
			defaultConfigurationName = Release;
		};
		176BF7B81B9A912900F0FAC6 /* Build configuration list for PBXNativeTarget "MagicTests" */ = {
			isa = XCConfigurationList;
			buildConfigurations = (
				176BF7B91B9A912900F0FAC6 /* Debug */,
				176BF7BA1B9A912900F0FAC6 /* Release */,
			);
			defaultConfigurationIsVisible = 0;
			defaultConfigurationName = Release;
		};
/* End XCConfigurationList section */

/* Begin XCVersionGroup section */
		176BF7991B9A912900F0FAC6 /* Magic.xcdatamodeld */ = {
			isa = XCVersionGroup;
			children = (
				176BF79A1B9A912900F0FAC6 /* Magic.xcdatamodel */,
			);
			currentVersion = 176BF79A1B9A912900F0FAC6 /* Magic.xcdatamodel */;
			path = Magic.xcdatamodeld;
			sourceTree = "<group>";
			versionGroupType = wrapper.xcdatamodel;
		};
/* End XCVersionGroup section */
	};
	rootObject = 176BF7871B9A912900F0FAC6 /* Project object */;
}
